
Microsoft Visual Studio Solution File, Format Version 12.00
# Visual Studio Version 17
VisualStudioVersion = 17.3.32825.248
MinimumVisualStudioVersion = 10.0.40219.1
Project("{FAE04EC0-301F-11D3-BF4B-00C04F79EFBC}") = "FileManipulation", "FileManipulation\FileManipulation.csproj", "{BC98E2F9-816B-4BD0-A111-33C19BFA82F1}"
EndProject
Global
	GlobalSection(SolutionConfigurationPlatforms) = preSolution
		Debug|Any CPU = Debug|Any CPU
		Release|Any CPU = Release|Any CPU
	EndGlobalSection
	GlobalSection(ProjectConfigurationPlatforms) = postSolution
		{BC98E2F9-816B-4BD0-A111-33C19BFA82F1}.Debug|Any CPU.ActiveCfg = Debug|Any CPU
		{BC98E2F9-816B-4BD0-A111-33C19BFA82F1}.Debug|Any CPU.Build.0 = Debug|Any CPU
		{BC98E2F9-816B-4BD0-A111-33C19BFA82F1}.Release|Any CPU.ActiveCfg = Release|Any CPU
		{BC98E2F9-816B-4BD0-A111-33C19BFA82F1}.Release|Any CPU.Build.0 = Release|Any CPU
	EndGlobalSection
	GlobalSection(SolutionProperties) = preSolution
		HideSolutionNode = FALSE
	EndGlobalSection
	GlobalSection(ExtensibilityGlobals) = postSolution
		SolutionGuid = {89C8DF62-492D-4DB1-8353-C1EE0DE207E0}
	EndGlobalSection
EndGlobal
